
Microsoft Visual Studio Solution File, Format Version 12.00
# Visual Studio 15
VisualStudioVersion = 15.0.28010.2019
MinimumVisualStudioVersion = 10.0.40219.1
Project("{FAE04EC0-301F-11D3-BF4B-00C04F79EFBC}") = "ExamplesDisplay", "ExamplesDisplay\ExamplesDisplay.csproj", "{21DACBD9-F4EB-43AA-826D-A016CF01A8DE}"
EndProject
Global
	GlobalSection(SolutionConfigurationPlatforms) = preSolution
		Debug|Any CPU = Debug|Any CPU
		Release|Any CPU = Release|Any CPU
	EndGlobalSection
	GlobalSection(ProjectConfigurationPlatforms) = postSolution
		{21DACBD9-F4EB-43AA-826D-A016CF01A8DE}.Debug|Any CPU.ActiveCfg = Debug|Any CPU
		{21DACBD9-F4EB-43AA-826D-A016CF01A8DE}.Debug|Any CPU.Build.0 = Debug|Any CPU
		{21DACBD9-F4EB-43AA-826D-A016CF01A8DE}.Release|Any CPU.ActiveCfg = Release|Any CPU
		{21DACBD9-F4EB-43AA-826D-A016CF01A8DE}.Release|Any CPU.Build.0 = Release|Any CPU
	EndGlobalSection
	GlobalSection(SolutionProperties) = preSolution
		HideSolutionNode = FALSE
	EndGlobalSection
	GlobalSection(ExtensibilityGlobals) = postSolution
		SolutionGuid = {082DF7B3-2452-4DA1-855E-68A356BE937B}
	EndGlobalSection
EndGlobal
